
Microsoft Visual Studio Solution File, Format Version 12.00
Project("{FAE04EC0-301F-11D3-BF4B-00C04F79EFBC}") = "WebApp", "WebApp\WebApp.csproj", "{B4F09529-AB14-43EB-8DD9-8C9D46AB301F}"
EndProject
Project("{FAE04EC0-301F-11D3-BF4B-00C04F79EFBC}") = "DAL.App.EF", "DAL.App.EF\DAL.App.EF.csproj", "{E0CE8880-9697-4C69-BE70-4F2EB57FDB67}"
EndProject
Project("{2150E333-8FDC-42A3-9474-1A3956D46DE8}") = "Solution Items", "Solution Items", "{C35487A4-06EE-4C72-B902-F42F5EB2B9B1}"
ProjectSection(SolutionItems) = preProject
	Directory.Build.props = Directory.Build.props
	CRUD.md = CRUD.md
	.dockerignore = .dockerignore
	Dockerfile = Dockerfile
EndProjectSection
EndProject
Project("{2150E333-8FDC-42A3-9474-1A3956D46DE8}") = "App", "App", "{C4E88C8D-72E6-428C-B356-DAD86D6F7CE0}"
EndProject
Project("{2150E333-8FDC-42A3-9474-1A3956D46DE8}") = "Base", "Base", "{794E73A2-F1FC-4815-BDAC-0825717CBD85}"
EndProject
Project("{FAE04EC0-301F-11D3-BF4B-00C04F79EFBC}") = "Domain.App", "Domain.App\Domain.App.csproj", "{AE266D49-66F8-4003-B4EB-6F8923BB0036}"
EndProject
Project("{FAE04EC0-301F-11D3-BF4B-00C04F79EFBC}") = "Contracts.DAL.Base", "Contracts.DAL.Base\Contracts.DAL.Base.csproj", "{F3EF68DB-DD1D-4F9A-84BA-2C6928B77B52}"
EndProject
Project("{FAE04EC0-301F-11D3-BF4B-00C04F79EFBC}") = "Contracts.Domain.Base", "Contracts.Domain.Base\Contracts.Domain.Base.csproj", "{E6BED883-0A5C-436A-A2F9-3CFD0D38C3ED}"
EndProject
Project("{FAE04EC0-301F-11D3-BF4B-00C04F79EFBC}") = "Domain.Base", "Domain.Base\Domain.Base.csproj", "{1A05A807-2AA4-4EF8-BDDA-0C1F23051C7D}"
EndProject
Project("{FAE04EC0-301F-11D3-BF4B-00C04F79EFBC}") = "DAL.Base", "DAL.Base\DAL.Base.csproj", "{DE7A50AD-D9FD-49E7-9381-AA0140E4C72D}"
EndProject
Project("{FAE04EC0-301F-11D3-BF4B-00C04F79EFBC}") = "DAL.Base.EF", "DAL.Base.EF\DAL.Base.EF.csproj", "{A3E3B0FF-440B-482F-8BFC-5623C12FC028}"
EndProject
Project("{FAE04EC0-301F-11D3-BF4B-00C04F79EFBC}") = "Contracts.DAL.App", "Contracts.DAL.App\Contracts.DAL.App.csproj", "{BB3CE360-DF87-437E-8ECF-D2855D21FA32}"
EndProject
Project("{FAE04EC0-301F-11D3-BF4B-00C04F79EFBC}") = "Extensions.Base", "Extensions.Base\Extensions.Base.csproj", "{4C6F8D14-3643-4AE8-9643-94C213C0799F}"
EndProject
Project("{FAE04EC0-301F-11D3-BF4B-00C04F79EFBC}") = "BLL.Base", "BLL.Base\BLL.Base.csproj", "{3159842E-20AB-42B4-8098-24CD96422EB0}"
EndProject
Project("{FAE04EC0-301F-11D3-BF4B-00C04F79EFBC}") = "Contracts.BLL.Base", "Contracts.BLL.Base\Contracts.BLL.Base.csproj", "{14CFC54C-5F8A-4774-A5B6-5AF66D8C634D}"
EndProject
Project("{FAE04EC0-301F-11D3-BF4B-00C04F79EFBC}") = "BLL.App", "BLL.App\BLL.App.csproj", "{5924053E-3265-41E0-9025-55A0F040485B}"
EndProject
Project("{FAE04EC0-301F-11D3-BF4B-00C04F79EFBC}") = "BLL.App.DTO", "BLL.App.DTO\BLL.App.DTO.csproj", "{9D663EC3-4137-4999-86C0-074A4F337664}"
EndProject
Project("{FAE04EC0-301F-11D3-BF4B-00C04F79EFBC}") = "Contracts.BLL.App", "Contracts.BLL.App\Contracts.BLL.App.csproj", "{3F4EDE94-1F30-4640-B3B6-402129AAC2AB}"
EndProject
Project("{FAE04EC0-301F-11D3-BF4B-00C04F79EFBC}") = "DAL.App.DTO", "DAL.App.DTO\DAL.App.DTO.csproj", "{B8A8917D-1A0D-4D8A-B0AC-9E73B64FDA13}"
EndProject
Project("{FAE04EC0-301F-11D3-BF4B-00C04F79EFBC}") = "PublicApi.DTO.v1", "PublicApi.DTO.v1\PublicApi.DTO.v1.csproj", "{B7C30EC3-53C9-4906-AB92-B8456276392E}"
EndProject
Project("{FAE04EC0-301F-11D3-BF4B-00C04F79EFBC}") = "Resources", "Resources\Resources.csproj", "{B7E94A43-65E2-4620-925E-029783042949}"
EndProject
Project("{FAE04EC0-301F-11D3-BF4B-00C04F79EFBC}") = "Base.Resources", "Base.Resources\Base.Resources.csproj", "{65E27FF8-5E03-4921-BD7F-0DB861A35F00}"
EndProject
Project("{2150E333-8FDC-42A3-9474-1A3956D46DE8}") = "Tests", "Tests", "{61F7F60F-CF0B-4063-A2C9-82916BB2B87A}"
EndProject
Project("{FAE04EC0-301F-11D3-BF4B-00C04F79EFBC}") = "TestProject", "TestProject\TestProject.csproj", "{44F00E8E-8C8D-418C-9E06-C04038EE81E4}"
EndProject
Global
	GlobalSection(SolutionConfigurationPlatforms) = preSolution
		Debug|Any CPU = Debug|Any CPU
		Release|Any CPU = Release|Any CPU
	EndGlobalSection
	GlobalSection(ProjectConfigurationPlatforms) = postSolution
		{B4F09529-AB14-43EB-8DD9-8C9D46AB301F}.Debug|Any CPU.ActiveCfg = Debug|Any CPU
		{B4F09529-AB14-43EB-8DD9-8C9D46AB301F}.Debug|Any CPU.Build.0 = Debug|Any CPU
		{B4F09529-AB14-43EB-8DD9-8C9D46AB301F}.Release|Any CPU.ActiveCfg = Release|Any CPU
		{B4F09529-AB14-43EB-8DD9-8C9D46AB301F}.Release|Any CPU.Build.0 = Release|Any CPU
		{E0CE8880-9697-4C69-BE70-4F2EB57FDB67}.Debug|Any CPU.ActiveCfg = Debug|Any CPU
		{E0CE8880-9697-4C69-BE70-4F2EB57FDB67}.Debug|Any CPU.Build.0 = Debug|Any CPU
		{E0CE8880-9697-4C69-BE70-4F2EB57FDB67}.Release|Any CPU.ActiveCfg = Release|Any CPU
		{E0CE8880-9697-4C69-BE70-4F2EB57FDB67}.Release|Any CPU.Build.0 = Release|Any CPU
		{AE266D49-66F8-4003-B4EB-6F8923BB0036}.Debug|Any CPU.ActiveCfg = Debug|Any CPU
		{AE266D49-66F8-4003-B4EB-6F8923BB0036}.Debug|Any CPU.Build.0 = Debug|Any CPU
		{AE266D49-66F8-4003-B4EB-6F8923BB0036}.Release|Any CPU.ActiveCfg = Release|Any CPU
		{AE266D49-66F8-4003-B4EB-6F8923BB0036}.Release|Any CPU.Build.0 = Release|Any CPU
		{F3EF68DB-DD1D-4F9A-84BA-2C6928B77B52}.Debug|Any CPU.ActiveCfg = Debug|Any CPU
		{F3EF68DB-DD1D-4F9A-84BA-2C6928B77B52}.Debug|Any CPU.Build.0 = Debug|Any CPU
		{F3EF68DB-DD1D-4F9A-84BA-2C6928B77B52}.Release|Any CPU.ActiveCfg = Release|Any CPU
		{F3EF68DB-DD1D-4F9A-84BA-2C6928B77B52}.Release|Any CPU.Build.0 = Release|Any CPU
		{E6BED883-0A5C-436A-A2F9-3CFD0D38C3ED}.Debug|Any CPU.ActiveCfg = Debug|Any CPU
		{E6BED883-0A5C-436A-A2F9-3CFD0D38C3ED}.Debug|Any CPU.Build.0 = Debug|Any CPU
		{E6BED883-0A5C-436A-A2F9-3CFD0D38C3ED}.Release|Any CPU.ActiveCfg = Release|Any CPU
		{E6BED883-0A5C-436A-A2F9-3CFD0D38C3ED}.Release|Any CPU.Build.0 = Release|Any CPU
		{1A05A807-2AA4-4EF8-BDDA-0C1F23051C7D}.Debug|Any CPU.ActiveCfg = Debug|Any CPU
		{1A05A807-2AA4-4EF8-BDDA-0C1F23051C7D}.Debug|Any CPU.Build.0 = Debug|Any CPU
		{1A05A807-2AA4-4EF8-BDDA-0C1F23051C7D}.Release|Any CPU.ActiveCfg = Release|Any CPU
		{1A05A807-2AA4-4EF8-BDDA-0C1F23051C7D}.Release|Any CPU.Build.0 = Release|Any CPU
		{DE7A50AD-D9FD-49E7-9381-AA0140E4C72D}.Debug|Any CPU.ActiveCfg = Debug|Any CPU
		{DE7A50AD-D9FD-49E7-9381-AA0140E4C72D}.Debug|Any CPU.Build.0 = Debug|Any CPU
		{DE7A50AD-D9FD-49E7-9381-AA0140E4C72D}.Release|Any CPU.ActiveCfg = Release|Any CPU
		{DE7A50AD-D9FD-49E7-9381-AA0140E4C72D}.Release|Any CPU.Build.0 = Release|Any CPU
		{A3E3B0FF-440B-482F-8BFC-5623C12FC028}.Debug|Any CPU.ActiveCfg = Debug|Any CPU
		{A3E3B0FF-440B-482F-8BFC-5623C12FC028}.Debug|Any CPU.Build.0 = Debug|Any CPU
		{A3E3B0FF-440B-482F-8BFC-5623C12FC028}.Release|Any CPU.ActiveCfg = Release|Any CPU
		{A3E3B0FF-440B-482F-8BFC-5623C12FC028}.Release|Any CPU.Build.0 = Release|Any CPU
		{BB3CE360-DF87-437E-8ECF-D2855D21FA32}.Debug|Any CPU.ActiveCfg = Debug|Any CPU
		{BB3CE360-DF87-437E-8ECF-D2855D21FA32}.Debug|Any CPU.Build.0 = Debug|Any CPU
		{BB3CE360-DF87-437E-8ECF-D2855D21FA32}.Release|Any CPU.ActiveCfg = Release|Any CPU
		{BB3CE360-DF87-437E-8ECF-D2855D21FA32}.Release|Any CPU.Build.0 = Release|Any CPU
		{4C6F8D14-3643-4AE8-9643-94C213C0799F}.Debug|Any CPU.ActiveCfg = Debug|Any CPU
		{4C6F8D14-3643-4AE8-9643-94C213C0799F}.Debug|Any CPU.Build.0 = Debug|Any CPU
		{4C6F8D14-3643-4AE8-9643-94C213C0799F}.Release|Any CPU.ActiveCfg = Release|Any CPU
		{4C6F8D14-3643-4AE8-9643-94C213C0799F}.Release|Any CPU.Build.0 = Release|Any CPU
		{3159842E-20AB-42B4-8098-24CD96422EB0}.Debug|Any CPU.ActiveCfg = Debug|Any CPU
		{3159842E-20AB-42B4-8098-24CD96422EB0}.Debug|Any CPU.Build.0 = Debug|Any CPU
		{3159842E-20AB-42B4-8098-24CD96422EB0}.Release|Any CPU.ActiveCfg = Release|Any CPU
		{3159842E-20AB-42B4-8098-24CD96422EB0}.Release|Any CPU.Build.0 = Release|Any CPU
		{14CFC54C-5F8A-4774-A5B6-5AF66D8C634D}.Debug|Any CPU.ActiveCfg = Debug|Any CPU
		{14CFC54C-5F8A-4774-A5B6-5AF66D8C634D}.Debug|Any CPU.Build.0 = Debug|Any CPU
		{14CFC54C-5F8A-4774-A5B6-5AF66D8C634D}.Release|Any CPU.ActiveCfg = Release|Any CPU
		{14CFC54C-5F8A-4774-A5B6-5AF66D8C634D}.Release|Any CPU.Build.0 = Release|Any CPU
		{5924053E-3265-41E0-9025-55A0F040485B}.Debug|Any CPU.ActiveCfg = Debug|Any CPU
		{5924053E-3265-41E0-9025-55A0F040485B}.Debug|Any CPU.Build.0 = Debug|Any CPU
		{5924053E-3265-41E0-9025-55A0F040485B}.Release|Any CPU.ActiveCfg = Release|Any CPU
		{5924053E-3265-41E0-9025-55A0F040485B}.Release|Any CPU.Build.0 = Release|Any CPU
		{9D663EC3-4137-4999-86C0-074A4F337664}.Debug|Any CPU.ActiveCfg = Debug|Any CPU
		{9D663EC3-4137-4999-86C0-074A4F337664}.Debug|Any CPU.Build.0 = Debug|Any CPU
		{9D663EC3-4137-4999-86C0-074A4F337664}.Release|Any CPU.ActiveCfg = Release|Any CPU
		{9D663EC3-4137-4999-86C0-074A4F337664}.Release|Any CPU.Build.0 = Release|Any CPU
		{3F4EDE94-1F30-4640-B3B6-402129AAC2AB}.Debug|Any CPU.ActiveCfg = Debug|Any CPU
		{3F4EDE94-1F30-4640-B3B6-402129AAC2AB}.Debug|Any CPU.Build.0 = Debug|Any CPU
		{3F4EDE94-1F30-4640-B3B6-402129AAC2AB}.Release|Any CPU.ActiveCfg = Release|Any CPU
		{3F4EDE94-1F30-4640-B3B6-402129AAC2AB}.Release|Any CPU.Build.0 = Release|Any CPU
		{B8A8917D-1A0D-4D8A-B0AC-9E73B64FDA13}.Debug|Any CPU.ActiveCfg = Debug|Any CPU
		{B8A8917D-1A0D-4D8A-B0AC-9E73B64FDA13}.Debug|Any CPU.Build.0 = Debug|Any CPU
		{B8A8917D-1A0D-4D8A-B0AC-9E73B64FDA13}.Release|Any CPU.ActiveCfg = Release|Any CPU
		{B8A8917D-1A0D-4D8A-B0AC-9E73B64FDA13}.Release|Any CPU.Build.0 = Release|Any CPU
		{B7C30EC3-53C9-4906-AB92-B8456276392E}.Debug|Any CPU.ActiveCfg = Debug|Any CPU
		{B7C30EC3-53C9-4906-AB92-B8456276392E}.Debug|Any CPU.Build.0 = Debug|Any CPU
		{B7C30EC3-53C9-4906-AB92-B8456276392E}.Release|Any CPU.ActiveCfg = Release|Any CPU
		{B7C30EC3-53C9-4906-AB92-B8456276392E}.Release|Any CPU.Build.0 = Release|Any CPU
		{B7E94A43-65E2-4620-925E-029783042949}.Debug|Any CPU.ActiveCfg = Debug|Any CPU
		{B7E94A43-65E2-4620-925E-029783042949}.Debug|Any CPU.Build.0 = Debug|Any CPU
		{B7E94A43-65E2-4620-925E-029783042949}.Release|Any CPU.ActiveCfg = Release|Any CPU
		{B7E94A43-65E2-4620-925E-029783042949}.Release|Any CPU.Build.0 = Release|Any CPU
		{65E27FF8-5E03-4921-BD7F-0DB861A35F00}.Debug|Any CPU.ActiveCfg = Debug|Any CPU
		{65E27FF8-5E03-4921-BD7F-0DB861A35F00}.Debug|Any CPU.Build.0 = Debug|Any CPU
		{65E27FF8-5E03-4921-BD7F-0DB861A35F00}.Release|Any CPU.ActiveCfg = Release|Any CPU
		{65E27FF8-5E03-4921-BD7F-0DB861A35F00}.Release|Any CPU.Build.0 = Release|Any CPU
		{44F00E8E-8C8D-418C-9E06-C04038EE81E4}.Debug|Any CPU.ActiveCfg = Debug|Any CPU
		{44F00E8E-8C8D-418C-9E06-C04038EE81E4}.Debug|Any CPU.Build.0 = Debug|Any CPU
		{44F00E8E-8C8D-418C-9E06-C04038EE81E4}.Release|Any CPU.ActiveCfg = Release|Any CPU
		{44F00E8E-8C8D-418C-9E06-C04038EE81E4}.Release|Any CPU.Build.0 = Release|Any CPU
	EndGlobalSection
	GlobalSection(NestedProjects) = preSolution
		{E0CE8880-9697-4C69-BE70-4F2EB57FDB67} = {C4E88C8D-72E6-428C-B356-DAD86D6F7CE0}
		{F3EF68DB-DD1D-4F9A-84BA-2C6928B77B52} = {794E73A2-F1FC-4815-BDAC-0825717CBD85}
		{E6BED883-0A5C-436A-A2F9-3CFD0D38C3ED} = {794E73A2-F1FC-4815-BDAC-0825717CBD85}
		{AE266D49-66F8-4003-B4EB-6F8923BB0036} = {C4E88C8D-72E6-428C-B356-DAD86D6F7CE0}
		{1A05A807-2AA4-4EF8-BDDA-0C1F23051C7D} = {794E73A2-F1FC-4815-BDAC-0825717CBD85}
		{DE7A50AD-D9FD-49E7-9381-AA0140E4C72D} = {794E73A2-F1FC-4815-BDAC-0825717CBD85}
		{A3E3B0FF-440B-482F-8BFC-5623C12FC028} = {794E73A2-F1FC-4815-BDAC-0825717CBD85}
		{BB3CE360-DF87-437E-8ECF-D2855D21FA32} = {C4E88C8D-72E6-428C-B356-DAD86D6F7CE0}
		{B4F09529-AB14-43EB-8DD9-8C9D46AB301F} = {C4E88C8D-72E6-428C-B356-DAD86D6F7CE0}
		{4C6F8D14-3643-4AE8-9643-94C213C0799F} = {794E73A2-F1FC-4815-BDAC-0825717CBD85}
		{3159842E-20AB-42B4-8098-24CD96422EB0} = {794E73A2-F1FC-4815-BDAC-0825717CBD85}
		{14CFC54C-5F8A-4774-A5B6-5AF66D8C634D} = {794E73A2-F1FC-4815-BDAC-0825717CBD85}
		{5924053E-3265-41E0-9025-55A0F040485B} = {C4E88C8D-72E6-428C-B356-DAD86D6F7CE0}
		{9D663EC3-4137-4999-86C0-074A4F337664} = {C4E88C8D-72E6-428C-B356-DAD86D6F7CE0}
		{3F4EDE94-1F30-4640-B3B6-402129AAC2AB} = {C4E88C8D-72E6-428C-B356-DAD86D6F7CE0}
		{B8A8917D-1A0D-4D8A-B0AC-9E73B64FDA13} = {C4E88C8D-72E6-428C-B356-DAD86D6F7CE0}
		{B7C30EC3-53C9-4906-AB92-B8456276392E} = {C4E88C8D-72E6-428C-B356-DAD86D6F7CE0}
		{B7E94A43-65E2-4620-925E-029783042949} = {C4E88C8D-72E6-428C-B356-DAD86D6F7CE0}
		{65E27FF8-5E03-4921-BD7F-0DB861A35F00} = {794E73A2-F1FC-4815-BDAC-0825717CBD85}
		{44F00E8E-8C8D-418C-9E06-C04038EE81E4} = {61F7F60F-CF0B-4063-A2C9-82916BB2B87A}
	EndGlobalSection
EndGlobal
